
Microsoft Visual Studio Solution File, Format Version 12.00
# Visual Studio Version 17
VisualStudioVersion = 17.5.002.0
MinimumVisualStudioVersion = 10.0.40219.1
Project("{9A19103F-16F7-4668-BE54-9A1E7A4F7556}") = "Lezione2", "Lezione2.csproj", "{68F20FCD-96C4-421F-85E2-E36EDD19CBA9}"
EndProject
Global
	GlobalSection(SolutionConfigurationPlatforms) = preSolution
		Debug|Any CPU = Debug|Any CPU
		Release|Any CPU = Release|Any CPU
	EndGlobalSection
	GlobalSection(ProjectConfigurationPlatforms) = postSolution
		{68F20FCD-96C4-421F-85E2-E36EDD19CBA9}.Debug|Any CPU.ActiveCfg = Debug|Any CPU
		{68F20FCD-96C4-421F-85E2-E36EDD19CBA9}.Debug|Any CPU.Build.0 = Debug|Any CPU
		{68F20FCD-96C4-421F-85E2-E36EDD19CBA9}.Release|Any CPU.ActiveCfg = Release|Any CPU
		{68F20FCD-96C4-421F-85E2-E36EDD19CBA9}.Release|Any CPU.Build.0 = Release|Any CPU
	EndGlobalSection
	GlobalSection(SolutionProperties) = preSolution
		HideSolutionNode = FALSE
	EndGlobalSection
	GlobalSection(ExtensibilityGlobals) = postSolution
		SolutionGuid = {21477E97-CA54-44F2-A9E4-656527A03539}
	EndGlobalSection
EndGlobal
